// !$*UTF8*$!
{
	archiveVersion = 1;
	classes = {
	};
	objectVersion = 46;
	objects = {

/* Begin PBXBuildFile section */
		9013877516A6B411000C1FFF /* FSNavigationMenuDataSource.h in Headers */ = {isa = PBXBuildFile; fileRef = 9013877416A6B411000C1FFF /* FSNavigationMenuDataSource.h */; };
		95353C27156D68FD003B78FB /* FSPaneBorderShadowView.h in Headers */ = {isa = PBXBuildFile; fileRef = 95353C1D156D68FD003B78FB /* FSPaneBorderShadowView.h */; };
		95353C28156D68FD003B78FB /* FSPaneBorderShadowView.m in Sources */ = {isa = PBXBuildFile; fileRef = 95353C1E156D68FD003B78FB /* FSPaneBorderShadowView.m */; };
		95353C2D156D68FD003B78FB /* FSPaneView.h in Headers */ = {isa = PBXBuildFile; fileRef = 95353C23156D68FD003B78FB /* FSPaneView.h */; };
		95353C2E156D68FD003B78FB /* FSPaneView.m in Sources */ = {isa = PBXBuildFile; fileRef = 95353C24156D68FD003B78FB /* FSPaneView.m */; };
		95353C38156D6907003B78FB /* FSPanesMenuViewController.h in Headers */ = {isa = PBXBuildFile; fileRef = 95353C34156D6907003B78FB /* FSPanesMenuViewController.h */; };
		95353C39156D6907003B78FB /* FSPanesMenuViewController.m in Sources */ = {isa = PBXBuildFile; fileRef = 95353C35156D6907003B78FB /* FSPanesMenuViewController.m */; };
		95353C3F156D690F003B78FB /* FSPanesNavigationController.h in Headers */ = {isa = PBXBuildFile; fileRef = 95353C3B156D690F003B78FB /* FSPanesNavigationController.h */; };
		95353C40156D690F003B78FB /* FSPanesNavigationController.m in Sources */ = {isa = PBXBuildFile; fileRef = 95353C3C156D690F003B78FB /* FSPanesNavigationController.m */; };
		95353C41156D690F003B78FB /* FSPanesNavigationView.h in Headers */ = {isa = PBXBuildFile; fileRef = 95353C3D156D690F003B78FB /* FSPanesNavigationView.h */; };
		95353C42156D690F003B78FB /* FSPanesNavigationView.m in Sources */ = {isa = PBXBuildFile; fileRef = 95353C3E156D690F003B78FB /* FSPanesNavigationView.m */; };
		95353C49156D6915003B78FB /* FSPanesSplitView.h in Headers */ = {isa = PBXBuildFile; fileRef = 95353C44156D6915003B78FB /* FSPanesSplitView.h */; };
		95353C4A156D6915003B78FB /* FSPanesSplitView.m in Sources */ = {isa = PBXBuildFile; fileRef = 95353C45156D6915003B78FB /* FSPanesSplitView.m */; };
		95353C4B156D6915003B78FB /* FSPanesSplitViewController.h in Headers */ = {isa = PBXBuildFile; fileRef = 95353C46156D6915003B78FB /* FSPanesSplitViewController.h */; };
		95353C4C156D6915003B78FB /* FSPanesSplitViewController.m in Sources */ = {isa = PBXBuildFile; fileRef = 95353C47156D6915003B78FB /* FSPanesSplitViewController.m */; };
		95353C4E156D6923003B78FB /* FSPanesGlobal.h in Headers */ = {isa = PBXBuildFile; fileRef = 95353C4D156D6923003B78FB /* FSPanesGlobal.h */; };
		95353C50156D6928003B78FB /* FSPanes.h in Headers */ = {isa = PBXBuildFile; fileRef = 95353C4F156D6928003B78FB /* FSPanes.h */; };
		95353C53156D6934003B78FB /* UIViewController+FSPanes.h in Headers */ = {isa = PBXBuildFile; fileRef = 95353C51156D6934003B78FB /* UIViewController+FSPanes.h */; };
		95353C54156D6934003B78FB /* UIViewController+FSPanes.m in Sources */ = {isa = PBXBuildFile; fileRef = 95353C52156D6934003B78FB /* UIViewController+FSPanes.m */; };
		B6EA8CB01456D25200817157 /* Foundation.framework in Frameworks */ = {isa = PBXBuildFile; fileRef = B6EA8CAF1456D25200817157 /* Foundation.framework */; };
		F9AC144E1577D01900B4A12E /* FSPanesProtocols.h in Headers */ = {isa = PBXBuildFile; fileRef = F9AC144D1577D01900B4A12E /* FSPanesProtocols.h */; };
		F9D6C36A156FBA2900A6B916 /* FSPanesNavigationScrollView.h in Headers */ = {isa = PBXBuildFile; fileRef = F9D6C368156FBA2900A6B916 /* FSPanesNavigationScrollView.h */; };
		F9D6C36B156FBA2900A6B916 /* FSPanesNavigationScrollView.m in Sources */ = {isa = PBXBuildFile; fileRef = F9D6C369156FBA2900A6B916 /* FSPanesNavigationScrollView.m */; };
/* End PBXBuildFile section */

/* Begin PBXFileReference section */
		9013877416A6B411000C1FFF /* FSNavigationMenuDataSource.h */ = {isa = PBXFileReference; lastKnownFileType = sourcecode.c.h; name = FSNavigationMenuDataSource.h; path = "../../../../src/iOS-Platform/Utils/FSNavigationMenuDataSource.h"; sourceTree = "<group>"; };
		95353C1D156D68FD003B78FB /* FSPaneBorderShadowView.h */ = {isa = PBXFileReference; fileEncoding = 4; lastKnownFileType = sourcecode.c.h; path = FSPaneBorderShadowView.h; sourceTree = "<group>"; };
		95353C1E156D68FD003B78FB /* FSPaneBorderShadowView.m */ = {isa = PBXFileReference; fileEncoding = 4; lastKnownFileType = sourcecode.c.objc; path = FSPaneBorderShadowView.m; sourceTree = "<group>"; };
		95353C23156D68FD003B78FB /* FSPaneView.h */ = {isa = PBXFileReference; fileEncoding = 4; lastKnownFileType = sourcecode.c.h; path = FSPaneView.h; sourceTree = "<group>"; };
		95353C24156D68FD003B78FB /* FSPaneView.m */ = {isa = PBXFileReference; fileEncoding = 4; lastKnownFileType = sourcecode.c.objc; path = FSPaneView.m; sourceTree = "<group>"; };
		95353C34156D6907003B78FB /* FSPanesMenuViewController.h */ = {isa = PBXFileReference; fileEncoding = 4; lastKnownFileType = sourcecode.c.h; path = FSPanesMenuViewController.h; sourceTree = "<group>"; };
		95353C35156D6907003B78FB /* FSPanesMenuViewController.m */ = {isa = PBXFileReference; fileEncoding = 4; lastKnownFileType = sourcecode.c.objc; path = FSPanesMenuViewController.m; sourceTree = "<group>"; };
		95353C3B156D690F003B78FB /* FSPanesNavigationController.h */ = {isa = PBXFileReference; fileEncoding = 4; lastKnownFileType = sourcecode.c.h; lineEnding = 0; path = FSPanesNavigationController.h; sourceTree = "<group>"; xcLanguageSpecificationIdentifier = xcode.lang.objcpp; };
		95353C3C156D690F003B78FB /* FSPanesNavigationController.m */ = {isa = PBXFileReference; fileEncoding = 4; lastKnownFileType = sourcecode.c.objc; lineEnding = 0; path = FSPanesNavigationController.m; sourceTree = "<group>"; xcLanguageSpecificationIdentifier = xcode.lang.objc; };
		95353C3D156D690F003B78FB /* FSPanesNavigationView.h */ = {isa = PBXFileReference; fileEncoding = 4; lastKnownFileType = sourcecode.c.h; path = FSPanesNavigationView.h; sourceTree = "<group>"; };
		95353C3E156D690F003B78FB /* FSPanesNavigationView.m */ = {isa = PBXFileReference; fileEncoding = 4; lastKnownFileType = sourcecode.c.objc; path = FSPanesNavigationView.m; sourceTree = "<group>"; };
		95353C44156D6915003B78FB /* FSPanesSplitView.h */ = {isa = PBXFileReference; fileEncoding = 4; lastKnownFileType = sourcecode.c.h; path = FSPanesSplitView.h; sourceTree = "<group>"; };
		95353C45156D6915003B78FB /* FSPanesSplitView.m */ = {isa = PBXFileReference; fileEncoding = 4; lastKnownFileType = sourcecode.c.objc; path = FSPanesSplitView.m; sourceTree = "<group>"; };
		95353C46156D6915003B78FB /* FSPanesSplitViewController.h */ = {isa = PBXFileReference; fileEncoding = 4; lastKnownFileType = sourcecode.c.h; path = FSPanesSplitViewController.h; sourceTree = "<group>"; };
		95353C47156D6915003B78FB /* FSPanesSplitViewController.m */ = {isa = PBXFileReference; fileEncoding = 4; lastKnownFileType = sourcecode.c.objc; path = FSPanesSplitViewController.m; sourceTree = "<group>"; };
		95353C4D156D6923003B78FB /* FSPanesGlobal.h */ = {isa = PBXFileReference; fileEncoding = 4; lastKnownFileType = sourcecode.c.h; path = FSPanesGlobal.h; sourceTree = SOURCE_ROOT; };
		95353C4F156D6928003B78FB /* FSPanes.h */ = {isa = PBXFileReference; fileEncoding = 4; lastKnownFileType = sourcecode.c.h; path = FSPanes.h; sourceTree = SOURCE_ROOT; };
		95353C51156D6934003B78FB /* UIViewController+FSPanes.h */ = {isa = PBXFileReference; fileEncoding = 4; lastKnownFileType = sourcecode.c.h; path = "UIViewController+FSPanes.h"; sourceTree = SOURCE_ROOT; };
		95353C52156D6934003B78FB /* UIViewController+FSPanes.m */ = {isa = PBXFileReference; fileEncoding = 4; lastKnownFileType = sourcecode.c.objc; path = "UIViewController+FSPanes.m"; sourceTree = SOURCE_ROOT; };
		B6EA8CAC1456D25200817157 /* libFSPanes.a */ = {isa = PBXFileReference; explicitFileType = archive.ar; includeInIndex = 0; path = libFSPanes.a; sourceTree = BUILT_PRODUCTS_DIR; };
		B6EA8CAF1456D25200817157 /* Foundation.framework */ = {isa = PBXFileReference; lastKnownFileType = wrapper.framework; name = Foundation.framework; path = System/Library/Frameworks/Foundation.framework; sourceTree = SDKROOT; };
		B6EA8CB31456D25200817157 /* FSPanes-Prefix.pch */ = {isa = PBXFileReference; lastKnownFileType = sourcecode.c.h; path = "FSPanes-Prefix.pch"; sourceTree = "<group>"; };
		F9AC144D1577D01900B4A12E /* FSPanesProtocols.h */ = {isa = PBXFileReference; fileEncoding = 4; lastKnownFileType = sourcecode.c.h; path = FSPanesProtocols.h; sourceTree = SOURCE_ROOT; };
		F9D6C368156FBA2900A6B916 /* FSPanesNavigationScrollView.h */ = {isa = PBXFileReference; fileEncoding = 4; lastKnownFileType = sourcecode.c.h; path = FSPanesNavigationScrollView.h; sourceTree = "<group>"; };
		F9D6C369156FBA2900A6B916 /* FSPanesNavigationScrollView.m */ = {isa = PBXFileReference; fileEncoding = 4; lastKnownFileType = sourcecode.c.objc; path = FSPanesNavigationScrollView.m; sourceTree = "<group>"; };
/* End PBXFileReference section */

/* Begin PBXFrameworksBuildPhase section */
		B6EA8CA91456D25200817157 /* Frameworks */ = {
			isa = PBXFrameworksBuildPhase;
			buildActionMask = 2147483647;
			files = (
				B6EA8CB01456D25200817157 /* Foundation.framework in Frameworks */,
			);
			runOnlyForDeploymentPostprocessing = 0;
		};
/* End PBXFrameworksBuildPhase section */

/* Begin PBXGroup section */
		95353C1C156D68FD003B78FB /* FSPane */ = {
			isa = PBXGroup;
			children = (
				95353C1D156D68FD003B78FB /* FSPaneBorderShadowView.h */,
				95353C1E156D68FD003B78FB /* FSPaneBorderShadowView.m */,
				95353C23156D68FD003B78FB /* FSPaneView.h */,
				95353C24156D68FD003B78FB /* FSPaneView.m */,
			);
			path = FSPane;
			sourceTree = SOURCE_ROOT;
		};
		95353C31156D6907003B78FB /* FSPanesMenu */ = {
			isa = PBXGroup;
			children = (
				95353C34156D6907003B78FB /* FSPanesMenuViewController.h */,
				95353C35156D6907003B78FB /* FSPanesMenuViewController.m */,
			);
			path = FSPanesMenu;
			sourceTree = SOURCE_ROOT;
		};
		95353C3A156D690F003B78FB /* FSPanesNavigation */ = {
			isa = PBXGroup;
			children = (
				95353C3B156D690F003B78FB /* FSPanesNavigationController.h */,
				95353C3C156D690F003B78FB /* FSPanesNavigationController.m */,
				F9D6C368156FBA2900A6B916 /* FSPanesNavigationScrollView.h */,
				F9D6C369156FBA2900A6B916 /* FSPanesNavigationScrollView.m */,
				95353C3D156D690F003B78FB /* FSPanesNavigationView.h */,
				95353C3E156D690F003B78FB /* FSPanesNavigationView.m */,
			);
			path = FSPanesNavigation;
			sourceTree = SOURCE_ROOT;
		};
		95353C43156D6915003B78FB /* FSPanesSplitView */ = {
			isa = PBXGroup;
			children = (
				95353C46156D6915003B78FB /* FSPanesSplitViewController.h */,
				95353C47156D6915003B78FB /* FSPanesSplitViewController.m */,
				95353C44156D6915003B78FB /* FSPanesSplitView.h */,
				95353C45156D6915003B78FB /* FSPanesSplitView.m */,
			);
			path = FSPanesSplitView;
			sourceTree = SOURCE_ROOT;
		};
		B6EA8CA11456D25200817157 = {
			isa = PBXGroup;
			children = (
				9013877416A6B411000C1FFF /* FSNavigationMenuDataSource.h */,
				B6EA8CB11456D25200817157 /* FSPanes */,
				B6EA8CAE1456D25200817157 /* Frameworks */,
				B6EA8CAD1456D25200817157 /* Products */,
			);
			sourceTree = "<group>";
		};
		B6EA8CAD1456D25200817157 /* Products */ = {
			isa = PBXGroup;
			children = (
				B6EA8CAC1456D25200817157 /* libFSPanes.a */,
			);
			name = Products;
			sourceTree = "<group>";
		};
		B6EA8CAE1456D25200817157 /* Frameworks */ = {
			isa = PBXGroup;
			children = (
				B6EA8CAF1456D25200817157 /* Foundation.framework */,
			);
			name = Frameworks;
			sourceTree = "<group>";
		};
		B6EA8CB11456D25200817157 /* FSPanes */ = {
			isa = PBXGroup;
			children = (
				95353C4F156D6928003B78FB /* FSPanes.h */,
				95353C4D156D6923003B78FB /* FSPanesGlobal.h */,
				F9AC144D1577D01900B4A12E /* FSPanesProtocols.h */,
				95353C51156D6934003B78FB /* UIViewController+FSPanes.h */,
				95353C52156D6934003B78FB /* UIViewController+FSPanes.m */,
				95353C43156D6915003B78FB /* FSPanesSplitView */,
				95353C31156D6907003B78FB /* FSPanesMenu */,
				95353C3A156D690F003B78FB /* FSPanesNavigation */,
				95353C1C156D68FD003B78FB /* FSPane */,
				B6EA8CB21456D25200817157 /* Supporting Files */,
			);
			name = FSPanes;
			path = Cascade;
			sourceTree = "<group>";
		};
		B6EA8CB21456D25200817157 /* Supporting Files */ = {
			isa = PBXGroup;
			children = (
				B6EA8CB31456D25200817157 /* FSPanes-Prefix.pch */,
			);
			name = "Supporting Files";
			sourceTree = "<group>";
		};
/* End PBXGroup section */

/* Begin PBXHeadersBuildPhase section */
		B6EA8CAA1456D25200817157 /* Headers */ = {
			isa = PBXHeadersBuildPhase;
			buildActionMask = 2147483647;
			files = (
				9013877516A6B411000C1FFF /* FSNavigationMenuDataSource.h in Headers */,
				95353C27156D68FD003B78FB /* FSPaneBorderShadowView.h in Headers */,
				95353C2D156D68FD003B78FB /* FSPaneView.h in Headers */,
				95353C38156D6907003B78FB /* FSPanesMenuViewController.h in Headers */,
				95353C3F156D690F003B78FB /* FSPanesNavigationController.h in Headers */,
				95353C41156D690F003B78FB /* FSPanesNavigationView.h in Headers */,
				95353C49156D6915003B78FB /* FSPanesSplitView.h in Headers */,
				95353C4B156D6915003B78FB /* FSPanesSplitViewController.h in Headers */,
				95353C4E156D6923003B78FB /* FSPanesGlobal.h in Headers */,
				95353C50156D6928003B78FB /* FSPanes.h in Headers */,
				95353C53156D6934003B78FB /* UIViewController+FSPanes.h in Headers */,
				F9D6C36A156FBA2900A6B916 /* FSPanesNavigationScrollView.h in Headers */,
				F9AC144E1577D01900B4A12E /* FSPanesProtocols.h in Headers */,
			);
			runOnlyForDeploymentPostprocessing = 0;
		};
/* End PBXHeadersBuildPhase section */

/* Begin PBXNativeTarget section */
		B6EA8CAB1456D25200817157 /* FSPanes */ = {
			isa = PBXNativeTarget;
			buildConfigurationList = B6EA8CB91456D25200817157 /* Build configuration list for PBXNativeTarget "FSPanes" */;
			buildPhases = (
				B6EA8CA81456D25200817157 /* Sources */,
				B6EA8CA91456D25200817157 /* Frameworks */,
				B6EA8CAA1456D25200817157 /* Headers */,
			);
			buildRules = (
			);
			dependencies = (
			);
			name = FSPanes;
			productName = Cascade;
			productReference = B6EA8CAC1456D25200817157 /* libFSPanes.a */;
			productType = "com.apple.product-type.library.static";
		};
/* End PBXNativeTarget section */

/* Begin PBXProject section */
		B6EA8CA31456D25200817157 /* Project object */ = {
			isa = PBXProject;
			attributes = {
				LastUpgradeCheck = 0800;
			};
			buildConfigurationList = B6EA8CA61456D25200817157 /* Build configuration list for PBXProject "FSPanes" */;
			compatibilityVersion = "Xcode 3.2";
			developmentRegion = English;
			hasScannedForEncodings = 0;
			knownRegions = (
				en,
			);
			mainGroup = B6EA8CA11456D25200817157;
			productRefGroup = B6EA8CAD1456D25200817157 /* Products */;
			projectDirPath = "";
			projectRoot = "";
			targets = (
				B6EA8CAB1456D25200817157 /* FSPanes */,
			);
		};
/* End PBXProject section */

/* Begin PBXSourcesBuildPhase section */
		B6EA8CA81456D25200817157 /* Sources */ = {
			isa = PBXSourcesBuildPhase;
			buildActionMask = 2147483647;
			files = (
				95353C28156D68FD003B78FB /* FSPaneBorderShadowView.m in Sources */,
				95353C2E156D68FD003B78FB /* FSPaneView.m in Sources */,
				95353C39156D6907003B78FB /* FSPanesMenuViewController.m in Sources */,
				95353C40156D690F003B78FB /* FSPanesNavigationController.m in Sources */,
				95353C42156D690F003B78FB /* FSPanesNavigationView.m in Sources */,
				95353C4A156D6915003B78FB /* FSPanesSplitView.m in Sources */,
				95353C4C156D6915003B78FB /* FSPanesSplitViewController.m in Sources */,
				95353C54156D6934003B78FB /* UIViewController+FSPanes.m in Sources */,
				F9D6C36B156FBA2900A6B916 /* FSPanesNavigationScrollView.m in Sources */,
			);
			runOnlyForDeploymentPostprocessing = 0;
		};
/* End PBXSourcesBuildPhase section */

/* Begin XCBuildConfiguration section */
		B6EA8CB71456D25200817157 /* Debug */ = {
			isa = XCBuildConfiguration;
			buildSettings = {
				ALWAYS_SEARCH_USER_PATHS = NO;
				CLANG_ENABLE_OBJC_ARC = YES;
				CLANG_WARN_BOOL_CONVERSION = YES;
				CLANG_WARN_CONSTANT_CONVERSION = YES;
				CLANG_WARN_EMPTY_BODY = YES;
				CLANG_WARN_ENUM_CONVERSION = YES;
				CLANG_WARN_INFINITE_RECURSION = YES;
				CLANG_WARN_INT_CONVERSION = YES;
				CLANG_WARN_SUSPICIOUS_MOVE = YES;
				CLANG_WARN_UNREACHABLE_CODE = YES;
				CLANG_WARN__DUPLICATE_METHOD_MATCH = YES;
				COPY_PHASE_STRIP = NO;
				ENABLE_STRICT_OBJC_MSGSEND = YES;
				ENABLE_TESTABILITY = YES;
				GCC_C_LANGUAGE_STANDARD = gnu99;
				GCC_DYNAMIC_NO_PIC = NO;
				GCC_NO_COMMON_BLOCKS = YES;
				GCC_OPTIMIZATION_LEVEL = 0;
				GCC_PREPROCESSOR_DEFINITIONS = (
					"DEBUG=1",
					"$(inherited)",
				);
				GCC_SYMBOLS_PRIVATE_EXTERN = NO;
				GCC_VERSION = com.apple.compilers.llvm.clang.1_0;
				GCC_WARN_64_TO_32_BIT_CONVERSION = YES;
				GCC_WARN_ABOUT_MISSING_PROTOTYPES = YES;
				GCC_WARN_ABOUT_RETURN_TYPE = YES;
				GCC_WARN_UNDECLARED_SELECTOR = YES;
				GCC_WARN_UNINITIALIZED_AUTOS = YES;
				GCC_WARN_UNUSED_FUNCTION = YES;
				GCC_WARN_UNUSED_VARIABLE = YES;
				IPHONEOS_DEPLOYMENT_TARGET = 8.0;
				ONLY_ACTIVE_ARCH = YES;
				SDKROOT = iphoneos;
			};
			name = Debug;
		};
		B6EA8CB81456D25200817157 /* Release */ = {
			isa = XCBuildConfiguration;
			buildSettings = {
				ALWAYS_SEARCH_USER_PATHS = NO;
				CLANG_ENABLE_OBJC_ARC = YES;
				CLANG_WARN_BOOL_CONVERSION = YES;
				CLANG_WARN_CONSTANT_CONVERSION = YES;
				CLANG_WARN_EMPTY_BODY = YES;
				CLANG_WARN_ENUM_CONVERSION = YES;
				CLANG_WARN_INFINITE_RECURSION = YES;
				CLANG_WARN_INT_CONVERSION = YES;
				CLANG_WARN_SUSPICIOUS_MOVE = YES;
				CLANG_WARN_UNREACHABLE_CODE = YES;
				CLANG_WARN__DUPLICATE_METHOD_MATCH = YES;
				COPY_PHASE_STRIP = YES;
				ENABLE_STRICT_OBJC_MSGSEND = YES;
				GCC_C_LANGUAGE_STANDARD = gnu99;
				GCC_NO_COMMON_BLOCKS = YES;
				GCC_VERSION = com.apple.compilers.llvm.clang.1_0;
				GCC_WARN_64_TO_32_BIT_CONVERSION = YES;
				GCC_WARN_ABOUT_MISSING_PROTOTYPES = YES;
				GCC_WARN_ABOUT_RETURN_TYPE = YES;
				GCC_WARN_UNDECLARED_SELECTOR = YES;
				GCC_WARN_UNINITIALIZED_AUTOS = YES;
				GCC_WARN_UNUSED_FUNCTION = YES;
				GCC_WARN_UNUSED_VARIABLE = YES;
				IPHONEOS_DEPLOYMENT_TARGET = 8.0;
				SDKROOT = iphoneos;
				VALIDATE_PRODUCT = YES;
			};
			name = Release;
		};
		B6EA8CBA1456D25200817157 /* Debug */ = {
			isa = XCBuildConfiguration;
			buildSettings = {
				DSTROOT = /tmp/FSPanes.dst;
				GCC_PRECOMPILE_PREFIX_HEADER = YES;
				GCC_PREFIX_HEADER = "FSPanes-Prefix.pch";
				IPHONEOS_DEPLOYMENT_TARGET = 8.0;
				OTHER_LDFLAGS = "-ObjC";
				PRODUCT_NAME = FSPanes;
				SDKROOT = iphoneos;
				SKIP_INSTALL = YES;
			};
			name = Debug;
		};
		B6EA8CBB1456D25200817157 /* Release */ = {
			isa = XCBuildConfiguration;
			buildSettings = {
				DSTROOT = /tmp/FSPanes.dst;
				GCC_PRECOMPILE_PREFIX_HEADER = YES;
				GCC_PREFIX_HEADER = "FSPanes-Prefix.pch";
				IPHONEOS_DEPLOYMENT_TARGET = 8.0;
				OTHER_LDFLAGS = "-ObjC";
				PRODUCT_NAME = FSPanes;
				SDKROOT = iphoneos;
				SKIP_INSTALL = YES;
			};
			name = Release;
		};
/* End XCBuildConfiguration section */

/* Begin XCConfigurationList section */
		B6EA8CA61456D25200817157 /* Build configuration list for PBXProject "FSPanes" */ = {
			isa = XCConfigurationList;
			buildConfigurations = (
				B6EA8CB71456D25200817157 /* Debug */,
				B6EA8CB81456D25200817157 /* Release */,
			);
			defaultConfigurationIsVisible = 0;
			defaultConfigurationName = Release;
		};
		B6EA8CB91456D25200817157 /* Build configuration list for PBXNativeTarget "FSPanes" */ = {
			isa = XCConfigurationList;
			buildConfigurations = (
				B6EA8CBA1456D25200817157 /* Debug */,
				B6EA8CBB1456D25200817157 /* Release */,
			);
			defaultConfigurationIsVisible = 0;
			defaultConfigurationName = Release;
		};
/* End XCConfigurationList section */
	};
	rootObject = B6EA8CA31456D25200817157 /* Project object */;
}
